
Microsoft Visual Studio Solution File, Format Version 12.00
# Visual Studio Version 17
VisualStudioVersion = 17.4.33205.214
MinimumVisualStudioVersion = 10.0.40219.1
Project("{FAE04EC0-301F-11D3-BF4B-00C04F79EFBC}") = "Insiru", "Insiru.csproj", "{CBB90B8D-20A9-4B20-934E-B549BD388CEA}"
EndProject
Global
	GlobalSection(SolutionConfigurationPlatforms) = preSolution
		Debug|Any CPU = Debug|Any CPU
		Release|Any CPU = Release|Any CPU
	EndGlobalSection
	GlobalSection(ProjectConfigurationPlatforms) = postSolution
		{CBB90B8D-20A9-4B20-934E-B549BD388CEA}.Debug|Any CPU.ActiveCfg = Debug|Any CPU
		{CBB90B8D-20A9-4B20-934E-B549BD388CEA}.Debug|Any CPU.Build.0 = Debug|Any CPU
		{CBB90B8D-20A9-4B20-934E-B549BD388CEA}.Release|Any CPU.ActiveCfg = Release|Any CPU
		{CBB90B8D-20A9-4B20-934E-B549BD388CEA}.Release|Any CPU.Build.0 = Release|Any CPU
	EndGlobalSection
	GlobalSection(SolutionProperties) = preSolution
		HideSolutionNode = FALSE
	EndGlobalSection
	GlobalSection(ExtensibilityGlobals) = postSolution
		SolutionGuid = {742A7BF8-5C0E-4E26-9983-F668D4F7B7DF}
	EndGlobalSection
EndGlobal
